{
  "requires": true,
  "lockfileVersion": 1,
  "dependencies": {
    "@types/brace-expansion": {
      "version": "1.1.2",
      "resolved": "https://registry.npmjs.org/@types/brace-expansion/-/brace-expansion-1.1.2.tgz",
      "integrity": "sha512-+YDjlWHMm/zoiQSKhEhL/0HdfYxCVuGlP5tQLm5hoHtxGPAMqyHjGpLqm58YDw7vG+RafAahp7HKXeNIwBP3kQ==",
      "dev": true
    },
    "@types/inflight": {
      "version": "1.0.1",
      "resolved": "https://registry.npmjs.org/@types/inflight/-/inflight-1.0.1.tgz",
      "integrity": "sha512-WwvaiaKozT9jS75yg07JXarQLeICBclqToX5VOoLXlr3L7K/mTueAUYNc2+8TYMgGmfottG9msUxy3C91fQoNw==",
      "dev": true
    },
    "@types/inherits": {
      "version": "0.0.33",
      "resolved": "https://registry.npmjs.org/@types/inherits/-/inherits-0.0.33.tgz",
      "integrity": "sha512-ICS/+dYTkt3D7GPBAKqAAFXpeoWOZ6CVhiOlcweN4t3gZd8joVIy43KWsKGPL+d2Rvxunhz80Z7zlZhmR/q+GQ==",
      "dev": true,
      "requires": {
        "@types/node": "*"
      }
    },
    "@types/ms": {
      "version": "0.7.34",
      "resolved": "https://registry.npmjs.org/@types/ms/-/ms-0.7.34.tgz",
      "integrity": "sha512-nG96G3Wp6acyAgJqGasjODb+acrI7KltPiRxzHPXnP3NgI28bpQDRv53olbqGXbfcgF5aiiHmO3xpwEpS5Ld9g==",
      "dev": true
    },
    "@types/node": {
      "version": "20.14.6",
      "resolved": "https://registry.npmjs.org/@types/node/-/node-20.14.6.tgz",
      "integrity": "sha512-JbA0XIJPL1IiNnU7PFxDXyfAwcwVVrOoqyzzyQTyMeVhBzkJVMSkC1LlVsRQ2lpqiY4n6Bb9oCS6lzDKVQxbZw==",
      "dev": true,
      "requires": {
        "undici-types": "~5.26.4"
      }
    },
    "@types/once": {
      "version": "1.4.4",
      "resolved": "https://registry.npmjs.org/@types/once/-/once-1.4.4.tgz",
      "integrity": "sha512-KSwEbnmPvnbHLtDj05t0w2CBAYctJ1M6gj/6JfWK+pLeD7/T7QGWGyXHaqLAMOQfDJP+sO/ujPDiPAAlHR3GOg==",
      "dev": true
    },
    "types-registry": {
      "version": "0.1.685",
      "resolved": "https://registry.npmjs.org/types-registry/-/types-registry-0.1.685.tgz",
      "integrity": "sha512-dC3Nqu/q2Ey8Jj/YV0plEub0oycMiu3VaAf+tf8X5uhtiRS4iF1BubY5cra1LIaKr+fTblxQvoVAYIPeVj1A9g=="
    },
    "undici-types": {
      "version": "5.26.5",
      "resolved": "https://registry.npmjs.org/undici-types/-/undici-types-5.26.5.tgz",
      "integrity": "sha512-JlCMO+ehdEIKqlFxk6IfVoAUVmgz7cU7zD/h9XZ0qzeosSHmUJVOzSQvvYSYWXkFXC+IfLKSIffhv0sVZup6pA==",
      "dev": true
    }
  }
}
